
Microsoft Visual Studio Solution File, Format Version 12.00
# Visual Studio 15
VisualStudioVersion = 15.0.28010.2003
MinimumVisualStudioVersion = 10.0.40219.1
Project("{9A19103F-16F7-4668-BE54-9A1E7A4F7556}") = "albiondata-deduper-dotNet", "albiondata-deduper-dotNet\albiondata-deduper-dotNet.csproj", "{4775C737-42E0-460D-AEC1-03EDD3E3542F}"
EndProject
Project("{2150E333-8FDC-42A3-9474-1A3956D46DE8}") = "Solution Items", "Solution Items", "{BE6A37A1-02B3-4E2B-A1FF-87BAA7BF3968}"
	ProjectSection(SolutionItems) = preProject
		docker-compose.yml = docker-compose.yml
		Dockerfile = Dockerfile
	EndProjectSection
EndProject
Global
	GlobalSection(SolutionConfigurationPlatforms) = preSolution
		Debug|Any CPU = Debug|Any CPU
		Release|Any CPU = Release|Any CPU
	EndGlobalSection
	GlobalSection(ProjectConfigurationPlatforms) = postSolution
		{4775C737-42E0-460D-AEC1-03EDD3E3542F}.Debug|Any CPU.ActiveCfg = Debug|Any CPU
		{4775C737-42E0-460D-AEC1-03EDD3E3542F}.Debug|Any CPU.Build.0 = Debug|Any CPU
		{4775C737-42E0-460D-AEC1-03EDD3E3542F}.Release|Any CPU.ActiveCfg = Release|Any CPU
		{4775C737-42E0-460D-AEC1-03EDD3E3542F}.Release|Any CPU.Build.0 = Release|Any CPU
	EndGlobalSection
	GlobalSection(SolutionProperties) = preSolution
		HideSolutionNode = FALSE
	EndGlobalSection
	GlobalSection(ExtensibilityGlobals) = postSolution
		SolutionGuid = {E89D3DE9-51E8-469E-A1B6-3305AE744022}
	EndGlobalSection
EndGlobal
